github.com/crescolincs/lincs-theme v0.0.0-20240409123746-0fab2d6289a6 h1:JdYP8eoq6nliF5EEE7o5GYwOse+HRHyq/bcktFsfffY=
github.com/crescolincs/lincs-theme v0.0.0-20240409123746-0fab2d6289a6/go.mod h1:ni1ll4vPX/ckofk6OO22SrUB+Vgms2jSZSE5gRuN+UY=
github.com/crescolincs/lincs-theme v0.0.0-20240409144609-c1316a033fb3 h1:4uHh1axUWlaiE7UErxw4wmYqYQK8D8sODp0ugseeCtQ=
github.com/crescolincs/lincs-theme v0.0.0-20240409144609-c1316a033fb3/go.mod h1:ni1ll4vPX/ckofk6OO22SrUB+Vgms2jSZSE5gRuN+UY=
github.com/crescolincs/lincs-theme v0.0.0-20240409145139-37f1ebf3d7fc h1:lejz99ZiOk9wIEcdOKpwLZeQWIrDsmZnnxMw8U8kDX0=
github.com/crescolincs/lincs-theme v0.0.0-20240409145139-37f1ebf3d7fc/go.mod h1:ni1ll4vPX/ckofk6OO22SrUB+Vgms2jSZSE5gRuN+UY=
github.com/crescolincs/lincs-theme v0.0.0-20240409150830-37ce7eb9223a h1:KpIHnXmf9Phe6vchnfF+iYyogJiwFmWcNAefLgZSATs=
github.com/crescolincs/lincs-theme v0.0.0-20240409150830-37ce7eb9223a/go.mod h1:ni1ll4vPX/ckofk6OO22SrUB+Vgms2jSZSE5gRuN+UY=
github.com/crescolincs/lincs-theme v0.0.0-20240409151032-d2d0077fde59 h1:DXaGPnYHPYvYO+iL1LxkxXsEhbfJxCml4WRzy8HQI9Y=
github.com/crescolincs/lincs-theme v0.0.0-20240409151032-d2d0077fde59/go.mod h1:ni1ll4vPX/ckofk6OO22SrUB+Vgms2jSZSE5gRuN+UY=
github.com/crescolincs/lincs-theme v0.0.0-20240409151504-c0f7a85f0189 h1:kh68Xg5dI/CaxrUF89b/h2HKAdgMMkuyK7nJI6Anx7c=
github.com/crescolincs/lincs-theme v0.0.0-20240409151504-c0f7a85f0189/go.mod h1:ni1ll4vPX/ckofk6OO22SrUB+Vgms2jSZSE5gRuN+UY=
github.com/crescolincs/lincs-theme v0.0.0-20240409152030-30af06a39e70 h1:c3kdntcgNOcgCBSY0YRikEjX/uwH6dpHZT1uJggToK0=
github.com/crescolincs/lincs-theme v0.0.0-20240409152030-30af06a39e70/go.mod h1:ni1ll4vPX/ckofk6OO22SrUB+Vgms2jSZSE5gRuN+UY=
github.com/crescolincs/lincs-theme v0.0.0-20240409152333-af5e11e7ace2 h1:6mJQOwp/XLG/RknrOw9yx+awsYzM2MU1UJBGmaScpEw=
github.com/crescolincs/lincs-theme v0.0.0-20240409152333-af5e11e7ace2/go.mod h1:ni1ll4vPX/ckofk6OO22SrUB+Vgms2jSZSE5gRuN+UY=
