github.com/crescolincs/lincs-theme v0.0.0-20240409123746-0fab2d6289a6 h1:JdYP8eoq6nliF5EEE7o5GYwOse+HRHyq/bcktFsfffY=
github.com/crescolincs/lincs-theme v0.0.0-20240409123746-0fab2d6289a6/go.mod h1:ni1ll4vPX/ckofk6OO22SrUB+Vgms2jSZSE5gRuN+UY=
github.com/crescolincs/lincs-theme v0.0.0-20240409144609-c1316a033fb3 h1:4uHh1axUWlaiE7UErxw4wmYqYQK8D8sODp0ugseeCtQ=
github.com/crescolincs/lincs-theme v0.0.0-20240409144609-c1316a033fb3/go.mod h1:ni1ll4vPX/ckofk6OO22SrUB+Vgms2jSZSE5gRuN+UY=
github.com/crescolincs/lincs-theme v0.0.0-20240409145139-37f1ebf3d7fc h1:lejz99ZiOk9wIEcdOKpwLZeQWIrDsmZnnxMw8U8kDX0=
github.com/crescolincs/lincs-theme v0.0.0-20240409145139-37f1ebf3d7fc/go.mod h1:ni1ll4vPX/ckofk6OO22SrUB+Vgms2jSZSE5gRuN+UY=
github.com/crescolincs/lincs-theme v0.0.0-20240409150830-37ce7eb9223a h1:KpIHnXmf9Phe6vchnfF+iYyogJiwFmWcNAefLgZSATs=
github.com/crescolincs/lincs-theme v0.0.0-20240409150830-37ce7eb9223a/go.mod h1:ni1ll4vPX/ckofk6OO22SrUB+Vgms2jSZSE5gRuN+UY=
github.com/crescolincs/lincs-theme v0.0.0-20240409151032-d2d0077fde59 h1:DXaGPnYHPYvYO+iL1LxkxXsEhbfJxCml4WRzy8HQI9Y=
github.com/crescolincs/lincs-theme v0.0.0-20240409151032-d2d0077fde59/go.mod h1:ni1ll4vPX/ckofk6OO22SrUB+Vgms2jSZSE5gRuN+UY=
github.com/crescolincs/lincs-theme v0.0.0-20240409151504-c0f7a85f0189 h1:kh68Xg5dI/CaxrUF89b/h2HKAdgMMkuyK7nJI6Anx7c=
github.com/crescolincs/lincs-theme v0.0.0-20240409151504-c0f7a85f0189/go.mod h1:ni1ll4vPX/ckofk6OO22SrUB+Vgms2jSZSE5gRuN+UY=
github.com/crescolincs/lincs-theme v0.0.0-20240409152030-30af06a39e70 h1:c3kdntcgNOcgCBSY0YRikEjX/uwH6dpHZT1uJggToK0=
github.com/crescolincs/lincs-theme v0.0.0-20240409152030-30af06a39e70/go.mod h1:ni1ll4vPX/ckofk6OO22SrUB+Vgms2jSZSE5gRuN+UY=
github.com/crescolincs/lincs-theme v0.0.0-20240409152333-af5e11e7ace2 h1:6mJQOwp/XLG/RknrOw9yx+awsYzM2MU1UJBGmaScpEw=
github.com/crescolincs/lincs-theme v0.0.0-20240409152333-af5e11e7ace2/go.mod h1:ni1ll4vPX/ckofk6OO22SrUB+Vgms2jSZSE5gRuN+UY=
github.com/crescolincs/lincs-theme v0.0.0-20240410120437-9d4507a2ea1c h1:NPTrXSQ7N7SfHIAjzTwkTnn9mJkXRbc+ifDO1m8h3Ro=
github.com/crescolincs/lincs-theme v0.0.0-20240410120437-9d4507a2ea1c/go.mod h1:ni1ll4vPX/ckofk6OO22SrUB+Vgms2jSZSE5gRuN+UY=
github.com/crescolincs/lincs-theme v0.0.0-20240410121907-3f0a55dace15 h1:RMxXEaGW7IveWfENKlWNRbM0XL9QeZaPr1p7FGoFrVc=
github.com/crescolincs/lincs-theme v0.0.0-20240410121907-3f0a55dace15/go.mod h1:ni1ll4vPX/ckofk6OO22SrUB+Vgms2jSZSE5gRuN+UY=
github.com/crescolincs/lincs-theme v0.0.0-20240410171132-c19bd3cc611c h1:U0inAbaMuUTWf/myZpoSTyMhJNNEjfwgkn8V5naoaDQ=
github.com/crescolincs/lincs-theme v0.0.0-20240410171132-c19bd3cc611c/go.mod h1:ni1ll4vPX/ckofk6OO22SrUB+Vgms2jSZSE5gRuN+UY=
github.com/crescolincs/lincs-theme v0.0.0-20240410173346-0e0d45d03008 h1:Yl8PKpk2zPrGlGgGjoTxCWV9vsr89QOtPK0N915e81c=
github.com/crescolincs/lincs-theme v0.0.0-20240410173346-0e0d45d03008/go.mod h1:ni1ll4vPX/ckofk6OO22SrUB+Vgms2jSZSE5gRuN+UY=
github.com/crescolincs/lincs-theme v0.0.0-20240410174003-a567b5cd44e2 h1:9LazKhlYjm8NF5o8CgFUYCqql383v47JGNhCNBo/I14=
github.com/crescolincs/lincs-theme v0.0.0-20240410174003-a567b5cd44e2/go.mod h1:ni1ll4vPX/ckofk6OO22SrUB+Vgms2jSZSE5gRuN+UY=
github.com/crescolincs/lincs-theme v0.0.0-20240410182318-897eccd359a0 h1:84o6/G7TJtvwsPlS8XVdMFSmgUJogCUmYQ59bfBOzhw=
github.com/crescolincs/lincs-theme v0.0.0-20240410182318-897eccd359a0/go.mod h1:ni1ll4vPX/ckofk6OO22SrUB+Vgms2jSZSE5gRuN+UY=
github.com/crescolincs/lincs-theme v0.0.0-20240410182812-188696114fb7 h1:VZdqo5nfWvJEgU7fAI2YiYZwNnQpUHOnz8SOVJyeyOI=
github.com/crescolincs/lincs-theme v0.0.0-20240410182812-188696114fb7/go.mod h1:ni1ll4vPX/ckofk6OO22SrUB+Vgms2jSZSE5gRuN+UY=
github.com/crescolincs/lincs-theme v0.0.0-20240410183146-dd6989dab6df h1:HhFB6u6f7kBVBAbZoyiHoUuoGnaJRux2S5ZNioHa780=
github.com/crescolincs/lincs-theme v0.0.0-20240410183146-dd6989dab6df/go.mod h1:ni1ll4vPX/ckofk6OO22SrUB+Vgms2jSZSE5gRuN+UY=
github.com/crescolincs/lincs-theme v0.0.0-20240411093009-a63a15d4e142 h1:sYvL8/kRQc0bGTZXnWGVY/Gp4eHd+ew4yXv3Cbv4cG4=
github.com/crescolincs/lincs-theme v0.0.0-20240411093009-a63a15d4e142/go.mod h1:ni1ll4vPX/ckofk6OO22SrUB+Vgms2jSZSE5gRuN+UY=
github.com/crescolincs/lincs-theme v0.0.0-20240411181347-ad75aad5d1db h1:u1tAB5+nwXMY2xoT5dF7/CkEHYXRZQ+pJ/B0cwel9sY=
github.com/crescolincs/lincs-theme v0.0.0-20240411181347-ad75aad5d1db/go.mod h1:ni1ll4vPX/ckofk6OO22SrUB+Vgms2jSZSE5gRuN+UY=
github.com/crescolincs/lincs-theme v0.0.0-20240412163118-1f593b59c816 h1:jiTTWqp4si0/i++sSEqQrQxpKijC7/CC/BjOV7l+VPg=
github.com/crescolincs/lincs-theme v0.0.0-20240412163118-1f593b59c816/go.mod h1:ni1ll4vPX/ckofk6OO22SrUB+Vgms2jSZSE5gRuN+UY=
github.com/crescolincs/lincs-theme v0.0.0-20240413142503-e014b0126658 h1:UYTkG4RkCd7SOaaln56IVf5788GwzYXO0t7DGRcp2+o=
github.com/crescolincs/lincs-theme v0.0.0-20240413142503-e014b0126658/go.mod h1:ni1ll4vPX/ckofk6OO22SrUB+Vgms2jSZSE5gRuN+UY=
github.com/crescolincs/lincs-theme v0.0.0-20240413150008-96a41e69ec5c h1:WgdHbFP8+kV3QUVzrfGAxzlpd8h1+/WYm5NlIbJRgDA=
github.com/crescolincs/lincs-theme v0.0.0-20240413150008-96a41e69ec5c/go.mod h1:ni1ll4vPX/ckofk6OO22SrUB+Vgms2jSZSE5gRuN+UY=
github.com/crescolincs/lincs-theme v0.0.0-20240413150802-a102680123ba h1:BPh8GKYCm3GdXgGPSyPppDJYczLTkLA+2k8m1JlZur4=
github.com/crescolincs/lincs-theme v0.0.0-20240413150802-a102680123ba/go.mod h1:ni1ll4vPX/ckofk6OO22SrUB+Vgms2jSZSE5gRuN+UY=
github.com/crescolincs/lincs-theme v0.0.0-20240413151709-99f77ee5f530 h1:t+KDoXYL/ZdfW3rERzRdb6oI43w/UheqEjXLabmeNyI=
github.com/crescolincs/lincs-theme v0.0.0-20240413151709-99f77ee5f530/go.mod h1:ni1ll4vPX/ckofk6OO22SrUB+Vgms2jSZSE5gRuN+UY=
github.com/crescolincs/lincs-theme v0.0.0-20240413153201-de5b6754ae04 h1:iVVXjy8AQI7SdFcYCU2j1jQnJNVupBgQmeQF9R6WuVw=
github.com/crescolincs/lincs-theme v0.0.0-20240413153201-de5b6754ae04/go.mod h1:ni1ll4vPX/ckofk6OO22SrUB+Vgms2jSZSE5gRuN+UY=
github.com/crescolincs/lincs-theme v0.0.0-20240413154919-ad91c0fd8312 h1:lOmt2tBt9McrhdDSZvj5n3msR8u/C5+ae8ra3d/Htyk=
github.com/crescolincs/lincs-theme v0.0.0-20240413154919-ad91c0fd8312/go.mod h1:ni1ll4vPX/ckofk6OO22SrUB+Vgms2jSZSE5gRuN+UY=
github.com/crescolincs/lincs-theme v0.0.0-20240415212121-6481baf27c6f h1:dOGsObzsl1vDPzheXe8sd6/cuENNGzPxnkWl8RLfLT4=
github.com/crescolincs/lincs-theme v0.0.0-20240415212121-6481baf27c6f/go.mod h1:ni1ll4vPX/ckofk6OO22SrUB+Vgms2jSZSE5gRuN+UY=
github.com/crescolincs/lincs-theme v0.0.0-20240415212719-197c9dd09468 h1:7ipQS+vUb54+LoP+yxZNJDDRRwDKuZkqvi+PR4n/teI=
github.com/crescolincs/lincs-theme v0.0.0-20240415212719-197c9dd09468/go.mod h1:ni1ll4vPX/ckofk6OO22SrUB+Vgms2jSZSE5gRuN+UY=
github.com/crescolincs/lincs-theme v0.0.0-20240415213044-e35e153f692b h1:LBJI0ZIRyufwFW8CTu7sxOH36LNzlYhih8rnKuo9Vbg=
github.com/crescolincs/lincs-theme v0.0.0-20240415213044-e35e153f692b/go.mod h1:ni1ll4vPX/ckofk6OO22SrUB+Vgms2jSZSE5gRuN+UY=
github.com/crescolincs/lincs-theme v0.0.0-20240415213510-d1acb887878c h1:VJ+uZIZ+fRInWQ2pAy799hk5KB7Fq4fV9RaUOrEBCI8=
github.com/crescolincs/lincs-theme v0.0.0-20240415213510-d1acb887878c/go.mod h1:ni1ll4vPX/ckofk6OO22SrUB+Vgms2jSZSE5gRuN+UY=
github.com/crescolincs/lincs-theme v0.0.0-20240415213645-3773b58729e1 h1:6UasIu/SWa9xX0m/mMVa4jAaLtRl9czpwCWS0VXhk1E=
github.com/crescolincs/lincs-theme v0.0.0-20240415213645-3773b58729e1/go.mod h1:ni1ll4vPX/ckofk6OO22SrUB+Vgms2jSZSE5gRuN+UY=
github.com/crescolincs/lincs-theme v0.0.0-20240415214311-5ec555ca79ab h1:Qy4r9U7NLoR0yrk7oLz0sAqLuOU2sEx4vGg5vuxdOqE=
github.com/crescolincs/lincs-theme v0.0.0-20240415214311-5ec555ca79ab/go.mod h1:ni1ll4vPX/ckofk6OO22SrUB+Vgms2jSZSE5gRuN+UY=
github.com/crescolincs/lincs-theme v0.0.0-20240415215232-dc24b8413f41 h1:tkfb4S1C8dmWwSawRTPMo2C0eJ48SpW99Gj/AHgVyfI=
github.com/crescolincs/lincs-theme v0.0.0-20240415215232-dc24b8413f41/go.mod h1:ni1ll4vPX/ckofk6OO22SrUB+Vgms2jSZSE5gRuN+UY=
github.com/crescolincs/lincs-theme v0.0.0-20240415223037-8f4e3b30f828 h1:5NfW+GA+4iT6sC9IG70wN8QDd0qP+i9fmYv2h8HqGAs=
github.com/crescolincs/lincs-theme v0.0.0-20240415223037-8f4e3b30f828/go.mod h1:ni1ll4vPX/ckofk6OO22SrUB+Vgms2jSZSE5gRuN+UY=
github.com/crescolincs/lincs-theme v0.0.0-20240416115914-3b9a224865be h1:B3Vi6EmjDXcCYOtRM0hfNznV6wN/1eJKftq25MgVy5w=
github.com/crescolincs/lincs-theme v0.0.0-20240416115914-3b9a224865be/go.mod h1:ni1ll4vPX/ckofk6OO22SrUB+Vgms2jSZSE5gRuN+UY=
github.com/crescolincs/lincs-theme v0.0.0-20240416170133-1bf20f11d919 h1:3ZlVZQ09DJipXmAZ+RLO2tsADG9rHSiXv2KiVKhWp3o=
github.com/crescolincs/lincs-theme v0.0.0-20240416170133-1bf20f11d919/go.mod h1:ni1ll4vPX/ckofk6OO22SrUB+Vgms2jSZSE5gRuN+UY=
github.com/crescolincs/lincs-theme v0.0.0-20240416172844-fd262d950dd9 h1:g19DmTtm7Aj7if5UWC8IVMdU3XcIf2efT/SBAfEv7Fk=
github.com/crescolincs/lincs-theme v0.0.0-20240416172844-fd262d950dd9/go.mod h1:ni1ll4vPX/ckofk6OO22SrUB+Vgms2jSZSE5gRuN+UY=
github.com/crescolincs/lincs-theme v0.0.0-20240417080752-cd2810b0c99a h1:k9jbfoRXVJ/AWRxHhVSuPt0mjT5NQkLfP9ZCJwLNSGA=
github.com/crescolincs/lincs-theme v0.0.0-20240417080752-cd2810b0c99a/go.mod h1:ni1ll4vPX/ckofk6OO22SrUB+Vgms2jSZSE5gRuN+UY=
github.com/crescolincs/lincs-theme v0.0.0-20240417081201-a0a93d6f7e42 h1:6u/FPKLLz1WfLgOnh74po10QFBCKjTtDcj9odkx96no=
github.com/crescolincs/lincs-theme v0.0.0-20240417081201-a0a93d6f7e42/go.mod h1:ni1ll4vPX/ckofk6OO22SrUB+Vgms2jSZSE5gRuN+UY=
github.com/crescolincs/lincs-theme v0.0.0-20240417081326-4a793fedaf0c h1:I9yR7WQ2H0bci/cvNuha0+eDopQ27aSTsP9303Q7XRM=
github.com/crescolincs/lincs-theme v0.0.0-20240417081326-4a793fedaf0c/go.mod h1:ni1ll4vPX/ckofk6OO22SrUB+Vgms2jSZSE5gRuN+UY=
github.com/crescolincs/lincs-theme v0.0.0-20240417083132-142e1cd85a38 h1:fshJoKQvD9jouKUfo7dNPKtHQh4q/zD9JuB06y9UO50=
github.com/crescolincs/lincs-theme v0.0.0-20240417083132-142e1cd85a38/go.mod h1:ni1ll4vPX/ckofk6OO22SrUB+Vgms2jSZSE5gRuN+UY=
github.com/crescolincs/lincs-theme v0.0.0-20240417083423-4afeddaa463a h1:WqJZ4FEAqnyGnar8ErnCg/6Qzl3P3pIo13dnhORuXDY=
github.com/crescolincs/lincs-theme v0.0.0-20240417083423-4afeddaa463a/go.mod h1:ni1ll4vPX/ckofk6OO22SrUB+Vgms2jSZSE5gRuN+UY=
github.com/crescolincs/lincs-theme v0.0.0-20240417083948-1f1d2f14e035 h1:LlNJlIGXZEgbqfPII3EQWdJKiufS6ZJ0XIoNHv0bT5s=
github.com/crescolincs/lincs-theme v0.0.0-20240417083948-1f1d2f14e035/go.mod h1:ni1ll4vPX/ckofk6OO22SrUB+Vgms2jSZSE5gRuN+UY=
github.com/crescolincs/lincs-theme v0.0.0-20240417084500-f06fd0ad14af h1:Kq3dSoQGgCtjS81jRGN+M6Kb1YLu8GkQiae/WNn0A9w=
github.com/crescolincs/lincs-theme v0.0.0-20240417084500-f06fd0ad14af/go.mod h1:ni1ll4vPX/ckofk6OO22SrUB+Vgms2jSZSE5gRuN+UY=
github.com/crescolincs/lincs-theme v0.0.0-20240417085852-22a289900430 h1:Vb4ewWUY3VclBr9kY4AP0/BDo7CgPGZpNaoF2Oj8Y+o=
github.com/crescolincs/lincs-theme v0.0.0-20240417085852-22a289900430/go.mod h1:ni1ll4vPX/ckofk6OO22SrUB+Vgms2jSZSE5gRuN+UY=
github.com/crescolincs/lincs-theme v0.0.0-20240417090246-540538a6a6e7 h1:sGtEyoP3fOvbQwE3XvVXWwPhT8psYn8mKPPa0me4RGQ=
github.com/crescolincs/lincs-theme v0.0.0-20240417090246-540538a6a6e7/go.mod h1:ni1ll4vPX/ckofk6OO22SrUB+Vgms2jSZSE5gRuN+UY=
github.com/crescolincs/lincs-theme v0.0.0-20240417095125-01512f2e93c0 h1:4J3yfV/W4TYco4pejuaWdMMBFNhwqMN6OEjEl+Kjp2c=
github.com/crescolincs/lincs-theme v0.0.0-20240417095125-01512f2e93c0/go.mod h1:ni1ll4vPX/ckofk6OO22SrUB+Vgms2jSZSE5gRuN+UY=
github.com/crescolincs/lincs-theme v0.0.0-20240417114538-0690661b7ab7 h1:A2XNaO+MVJQLkZeqhMLGDaHLhfHT1K03X7sH3NB7XSo=
github.com/crescolincs/lincs-theme v0.0.0-20240417114538-0690661b7ab7/go.mod h1:ni1ll4vPX/ckofk6OO22SrUB+Vgms2jSZSE5gRuN+UY=
github.com/crescolincs/lincs-theme v0.0.0-20240417180324-3de473771c02 h1:TpHMOpR2c3N01tUPtNMmJE+eDLveVpMaMja3NPtIWYU=
github.com/crescolincs/lincs-theme v0.0.0-20240417180324-3de473771c02/go.mod h1:ni1ll4vPX/ckofk6OO22SrUB+Vgms2jSZSE5gRuN+UY=
github.com/crescolincs/lincs-theme v0.0.0-20240417181248-d25ae2eb35b8 h1:ygc2IMcaQqJeylAfv/vKJ2n7JZXh5aqa0b1MhqWXm4U=
github.com/crescolincs/lincs-theme v0.0.0-20240417181248-d25ae2eb35b8/go.mod h1:ni1ll4vPX/ckofk6OO22SrUB+Vgms2jSZSE5gRuN+UY=
github.com/crescolincs/lincs-theme v0.0.0-20240417181533-51c9946b3398 h1:b/uDjQGgc2P2e0ko62e5y1p0I6UyN1reBOnEG8Qn1zw=
github.com/crescolincs/lincs-theme v0.0.0-20240417181533-51c9946b3398/go.mod h1:ni1ll4vPX/ckofk6OO22SrUB+Vgms2jSZSE5gRuN+UY=
github.com/crescolincs/lincs-theme v0.0.0-20240419083824-c89a6eff69cd h1:VPz2oql2kH/C7GpWaKsh3W2FPwh688naWemiTa8SYzY=
github.com/crescolincs/lincs-theme v0.0.0-20240419083824-c89a6eff69cd/go.mod h1:ni1ll4vPX/ckofk6OO22SrUB+Vgms2jSZSE5gRuN+UY=
github.com/crescolincs/lincs-theme v0.0.0-20240419150351-e43288a74c76 h1:DiNvDN4BeTSnylmfIcBmuMO6bg/wWKXLLexddbK0/50=
github.com/crescolincs/lincs-theme v0.0.0-20240419150351-e43288a74c76/go.mod h1:ni1ll4vPX/ckofk6OO22SrUB+Vgms2jSZSE5gRuN+UY=
github.com/crescolincs/lincs-theme v0.0.0-20240419231011-70edb6760cce h1:ftcYGJCgWODrIGXnvNRqjn0wTNEHfUDyTdnAhboX0NM=
github.com/crescolincs/lincs-theme v0.0.0-20240419231011-70edb6760cce/go.mod h1:ni1ll4vPX/ckofk6OO22SrUB+Vgms2jSZSE5gRuN+UY=
github.com/crescolincs/lincs-theme v0.0.0-20240420091801-b9c33c4c26e9 h1:VMbfQn3eoyYxkP52z/1q+f3H399Nao+bC3PFntj2uyM=
github.com/crescolincs/lincs-theme v0.0.0-20240420091801-b9c33c4c26e9/go.mod h1:ni1ll4vPX/ckofk6OO22SrUB+Vgms2jSZSE5gRuN+UY=
github.com/crescolincs/lincs-theme v0.0.0-20240421140251-a334700e6fc6 h1:SurAQvNPIMVQid60LRcNCSJHHxJTctfcQ5UUBGcDIVU=
github.com/crescolincs/lincs-theme v0.0.0-20240421140251-a334700e6fc6/go.mod h1:ni1ll4vPX/ckofk6OO22SrUB+Vgms2jSZSE5gRuN+UY=
github.com/crescolincs/lincs-theme v0.0.0-20240501133720-23dfa4659406 h1:hAXdq5TBor9cU92I9v4LXGstoYiAlusoXdZikOSYyFE=
github.com/crescolincs/lincs-theme v0.0.0-20240501133720-23dfa4659406/go.mod h1:ni1ll4vPX/ckofk6OO22SrUB+Vgms2jSZSE5gRuN+UY=
github.com/crescolincs/lincs-theme v0.0.0-20240508141336-829f092ec981 h1:Uaz1yZvxa7iOKin9oJYUG9lH9yZ+mFrWPkauDize3qY=
github.com/crescolincs/lincs-theme v0.0.0-20240508141336-829f092ec981/go.mod h1:ni1ll4vPX/ckofk6OO22SrUB+Vgms2jSZSE5gRuN+UY=
github.com/crescolincs/lincs-theme v0.0.0-20240512115714-9342d356d4e8 h1:6N7HhNtLl3F6uMlLUpgibATtAqu8Sed1iSO8+2CW6Tw=
github.com/crescolincs/lincs-theme v0.0.0-20240512115714-9342d356d4e8/go.mod h1:ni1ll4vPX/ckofk6OO22SrUB+Vgms2jSZSE5gRuN+UY=
